{
    "_meta": {
        "hash": {
            "sha256": "7935e6b66d1293ea5bda08e392a96ec0ddf8e75f8bd379be67a1ceb174e4f180"
        },
        "pipfile-spec": 6,
        "requires": {
            "python_version": "3.10"
        },
        "sources": [
            {
                "name": "pypi",
                "url": "https://pypi.org/simple",
                "verify_ssl": true
            }
        ]
    },
    "default": {
        "appdirs": {
            "hashes": [
                "sha256:7d5d0167b2b1ba821647616af46a749d1c653740dd0d2415100fe26e27afdf41",
                "sha256:a841dacd6b99318a741b166adb07e19ee71a274450e68237b4650ca1055ab128"
            ],
            "version": "==1.4.4"
        },
        "certifi": {
            "hashes": [
                "sha256:84c85a9078b11105f04f3036a9482ae10e4621616db313fe045dd24743a0820d",
                "sha256:fe86415d55e84719d75f8b69414f6438ac3547d2078ab91b67e779ef69378412"
            ],
            "markers": "python_version >= '3.6'",
            "version": "==2022.6.15"
        },
        "charset-normalizer": {
            "hashes": [
                "sha256:5189b6f22b01957427f35b6a08d9a0bc45b46d3788ef5a92e978433c7a35f8a5",
                "sha256:575e708016ff3a5e3681541cb9d79312c416835686d054a23accb873b254f413"
            ],
            "markers": "python_version >= '3.6'",
            "version": "==2.1.0"
        },
        "click": {
            "hashes": [
                "sha256:7682dc8afb30297001674575ea00d1814d808d6a36af415a82bd481d37ba7b8e",
                "sha256:bb4d8133cb15a609f44e8213d9b391b0809795062913b383c62be0ee95b1db48"
            ],
            "markers": "python_version >= '3.7'",
            "version": "==8.1.3"
        },
        "docker-pycreds": {
            "hashes": [
                "sha256:6ce3270bcaf404cc4c3e27e4b6c70d3521deae82fb508767870fdbf772d584d4",
                "sha256:7266112468627868005106ec19cd0d722702d2b7d5912a28e19b826c3d37af49"
            ],
            "version": "==0.4.0"
        },
        "filelock": {
            "hashes": [
                "sha256:ad98852315c2ab702aeb628412cbf7e95b7ce8c3bf9565670b4eaecf1db370a9",
                "sha256:fc03ae43288c013d2ea83c8597001b1129db351aad9c57fe2409327916b8e718"
            ],
            "markers": "python_version >= '3.7'",
            "version": "==3.12.0"
        },
        "gitdb": {
            "hashes": [
                "sha256:6eb990b69df4e15bad899ea868dc46572c3f75339735663b81de79b06f17eb9a",
                "sha256:c286cf298426064079ed96a9e4a9d39e7f3e9bf15ba60701e95f5492f28415c7"
            ],
            "markers": "python_version >= '3.7'",
            "version": "==4.0.10"
        },
        "gitpython": {
            "hashes": [
                "sha256:8ce3bcf69adfdf7c7d503e78fd3b1c492af782d58893b650adb2ac8912ddd573",
                "sha256:f04893614f6aa713a60cbbe1e6a97403ef633103cdd0ef5eb6efe0deb98dbe8d"
            ],
            "markers": "python_version >= '3.7'",
            "version": "==3.1.31"
        },
        "idna": {
            "hashes": [
                "sha256:84d9dd047ffa80596e0f246e2eab0b391788b0503584e8945f2368256d2735ff",
                "sha256:9d643ff0a55b762d5cdb124b8eaa99c66322e2157b69160bc32796e824360e6d"
            ],
            "markers": "python_version >= '3.5'",
            "version": "==3.3"
        },
        "jinja2": {
            "hashes": [
                "sha256:31351a702a408a9e7595a8fc6150fc3f43bb6bf7e319770cbc0db9df9437e852",
                "sha256:6088930bfe239f0e6710546ab9c19c9ef35e29792895fed6e6e31a023a182a61"
            ],
            "markers": "python_version >= '3.7'",
            "version": "==3.1.2"
        },
        "markupsafe": {
            "hashes": [
                "sha256:0576fe974b40a400449768941d5d0858cc624e3249dfd1e0c33674e5c7ca7aed",
                "sha256:085fd3201e7b12809f9e6e9bc1e5c96a368c8523fad5afb02afe3c051ae4afcc",
                "sha256:090376d812fb6ac5f171e5938e82e7f2d7adc2b629101cec0db8b267815c85e2",
                "sha256:0b462104ba25f1ac006fdab8b6a01ebbfbce9ed37fd37fd4acd70c67c973e460",
                "sha256:137678c63c977754abe9086a3ec011e8fd985ab90631145dfb9294ad09c102a7",
                "sha256:1bea30e9bf331f3fef67e0a3877b2288593c98a21ccb2cf29b74c581a4eb3af0",
                "sha256:22152d00bf4a9c7c83960521fc558f55a1adbc0631fbb00a9471e097b19d72e1",
                "sha256:22731d79ed2eb25059ae3df1dfc9cb1546691cc41f4e3130fe6bfbc3ecbbecfa",
                "sha256:2298c859cfc5463f1b64bd55cb3e602528db6fa0f3cfd568d3605c50678f8f03",
                "sha256:28057e985dace2f478e042eaa15606c7efccb700797660629da387eb289b9323",
                "sha256:2e7821bffe00aa6bd07a23913b7f4e01328c3d5cc0b40b36c0bd81d362faeb65",
                "sha256:2ec4f2d48ae59bbb9d1f9d7efb9236ab81429a764dedca114f5fdabbc3788013",
                "sha256:340bea174e9761308703ae988e982005aedf427de816d1afe98147668cc03036",
                "sha256:40627dcf047dadb22cd25ea7ecfe9cbf3bbbad0482ee5920b582f3809c97654f",
                "sha256:40dfd3fefbef579ee058f139733ac336312663c6706d1163b82b3003fb1925c4",
                "sha256:4cf06cdc1dda95223e9d2d3c58d3b178aa5dacb35ee7e3bbac10e4e1faacb419",
                "sha256:50c42830a633fa0cf9e7d27664637532791bfc31c731a87b202d2d8ac40c3ea2",
                "sha256:55f44b440d491028addb3b88f72207d71eeebfb7b5dbf0643f7c023ae1fba619",
                "sha256:608e7073dfa9e38a85d38474c082d4281f4ce276ac0010224eaba11e929dd53a",
                "sha256:63ba06c9941e46fa389d389644e2d8225e0e3e5ebcc4ff1ea8506dce646f8c8a",
                "sha256:65608c35bfb8a76763f37036547f7adfd09270fbdbf96608be2bead319728fcd",
                "sha256:665a36ae6f8f20a4676b53224e33d456a6f5a72657d9c83c2aa00765072f31f7",
                "sha256:6d6607f98fcf17e534162f0709aaad3ab7a96032723d8ac8750ffe17ae5a0666",
                "sha256:7313ce6a199651c4ed9d7e4cfb4aa56fe923b1adf9af3b420ee14e6d9a73df65",
                "sha256:7668b52e102d0ed87cb082380a7e2e1e78737ddecdde129acadb0eccc5423859",
                "sha256:7df70907e00c970c60b9ef2938d894a9381f38e6b9db73c5be35e59d92e06625",
                "sha256:7e007132af78ea9df29495dbf7b5824cb71648d7133cf7848a2a5dd00d36f9ff",
                "sha256:835fb5e38fd89328e9c81067fd642b3593c33e1e17e2fdbf77f5676abb14a156",
                "sha256:8bca7e26c1dd751236cfb0c6c72d4ad61d986e9a41bbf76cb445f69488b2a2bd",
                "sha256:8db032bf0ce9022a8e41a22598eefc802314e81b879ae093f36ce9ddf39ab1ba",
                "sha256:99625a92da8229df6d44335e6fcc558a5037dd0a760e11d84be2260e6f37002f",
                "sha256:9cad97ab29dfc3f0249b483412c85c8ef4766d96cdf9dcf5a1e3caa3f3661cf1",
                "sha256:a4abaec6ca3ad8660690236d11bfe28dfd707778e2442b45addd2f086d6ef094",
                "sha256:a6e40afa7f45939ca356f348c8e23048e02cb109ced1eb8420961b2f40fb373a",
                "sha256:a6f2fcca746e8d5910e18782f976489939d54a91f9411c32051b4aab2bd7c513",
                "sha256:a806db027852538d2ad7555b203300173dd1b77ba116de92da9afbc3a3be3eed",
                "sha256:abcabc8c2b26036d62d4c746381a6f7cf60aafcc653198ad678306986b09450d",
                "sha256:b8526c6d437855442cdd3d87eede9c425c4445ea011ca38d937db299382e6fa3",
                "sha256:bb06feb762bade6bf3c8b844462274db0c76acc95c52abe8dbed28ae3d44a147",
                "sha256:c0a33bc9f02c2b17c3ea382f91b4db0e6cde90b63b296422a939886a7a80de1c",
                "sha256:c4a549890a45f57f1ebf99c067a4ad0cb423a05544accaf2b065246827ed9603",
                "sha256:ca244fa73f50a800cf8c3ebf7fd93149ec37f5cb9596aa8873ae2c1d23498601",
                "sha256:cf877ab4ed6e302ec1d04952ca358b381a882fbd9d1b07cccbfd61783561f98a",
                "sha256:d9d971ec1e79906046aa3ca266de79eac42f1dbf3612a05dc9368125952bd1a1",
                "sha256:da25303d91526aac3672ee6d49a2f3db2d9502a4a60b55519feb1a4c7714e07d",
                "sha256:e55e40ff0cc8cc5c07996915ad367fa47da6b3fc091fdadca7f5403239c5fec3",
                "sha256:f03a532d7dee1bed20bc4884194a16160a2de9ffc6354b3878ec9682bb623c54",
                "sha256:f1cd098434e83e656abf198f103a8207a8187c0fc110306691a2e94a78d0abb2",
                "sha256:f2bfb563d0211ce16b63c7cb9395d2c682a23187f54c3d79bfec33e6705473c6",
                "sha256:f8ffb705ffcf5ddd0e80b65ddf7bed7ee4f5a441ea7d3419e861a12eaf41af58"
            ],
            "markers": "python_version >= '3.7'",
            "version": "==2.1.2"
        },
        "mpmath": {
            "hashes": [
                "sha256:7a28eb2a9774d00c7bc92411c19a89209d5da7c4c9a9e227be8330a23a25b91f",
                "sha256:a0b2b9fe80bbcd81a6647ff13108738cfb482d481d826cc0e02f5b35e5c88d2c"
            ],
            "version": "==1.3.0"
        },
        "networkx": {
            "hashes": [
                "sha256:4f33f68cb2afcf86f28a45f43efc27a9386b535d567d2127f8f61d51dec58d36",
                "sha256:de346335408f84de0eada6ff9fafafff9bcda11f0a0dfaa931133debb146ab61"
            ],
            "markers": "python_full_version >= '3.8.0'",
            "version": "==3.1"
        },
        "numpy": {
            "hashes": [
                "sha256:1408c3527a74a0209c781ac82bde2182b0f0bf54dea6e6a363fe0cc4488a7ce7",
                "sha256:173f28921b15d341afadf6c3898a34f20a0569e4ad5435297ba262ee8941e77b",
                "sha256:1865fdf51446839ca3fffaab172461f2b781163f6f395f1aed256b1ddc253622",
                "sha256:3119daed207e9410eaf57dcf9591fdc68045f60483d94956bee0bfdcba790953",
                "sha256:35590b9c33c0f1c9732b3231bb6a72d1e4f77872390c47d50a615686ae7ed3fd",
                "sha256:37e5ebebb0eb54c5b4a9b04e6f3018e16b8ef257d26c8945925ba8105008e645",
                "sha256:37ece2bd095e9781a7156852e43d18044fd0d742934833335599c583618181b9",
                "sha256:3ab67966c8d45d55a2bdf40701536af6443763907086c0a6d1232688e27e5447",
                "sha256:47f10ab202fe4d8495ff484b5561c65dd59177949ca07975663f4494f7269e3e",
                "sha256:55df0f7483b822855af67e38fb3a526e787adf189383b4934305565d71c4b148",
                "sha256:5d732d17b8a9061540a10fda5bfeabca5785700ab5469a5e9b93aca5e2d3a5fb",
                "sha256:68b69f52e6545af010b76516f5daaef6173e73353e3295c5cb9f96c35d755641",
                "sha256:7e8229f3687cdadba2c4faef39204feb51ef7c1a9b669247d49a24f3e2e1617c",
                "sha256:8002574a6b46ac3b5739a003b5233376aeac5163e5dcd43dd7ad062f3e186129",
                "sha256:876f60de09734fbcb4e27a97c9a286b51284df1326b1ac5f1bf0ad3678236b22",
                "sha256:9ce242162015b7e88092dccd0e854548c0926b75c7924a3495e02c6067aba1f5",
                "sha256:a35c4e64dfca659fe4d0f1421fc0f05b8ed1ca8c46fb73d9e5a7f175f85696bb",
                "sha256:aeba539285dcf0a1ba755945865ec61240ede5432df41d6e29fab305f4384db2",
                "sha256:b15c3f1ed08df4980e02cc79ee058b788a3d0bef2fb3c9ca90bb8cbd5b8a3a04",
                "sha256:c2f91f88230042a130ceb1b496932aa717dcbd665350beb821534c5c7e15881c",
                "sha256:d748ef349bfef2e1194b59da37ed5a29c19ea8d7e6342019921ba2ba4fd8b624",
                "sha256:e0d7447679ae9a7124385ccf0ea990bb85bb869cef217e2ea6c844b6a6855073"
            ],
            "index": "pypi",
            "version": "==1.23.1"
        },
        "opencv-python": {
            "hashes": [
                "sha256:0dc82a3d8630c099d2f3ac1b1aabee164e8188db54a786abb7a4e27eba309440",
                "sha256:5af8ba35a4fcb8913ffb86e92403e9a656a4bff4a645d196987468f0f8947875",
                "sha256:6e32af22e3202748bd233ed8f538741876191863882eba44e332d1a34993165b",
                "sha256:c5bfae41ad4031e66bb10ec4a0a2ffd3e514d092652781e8b1ac98d1b59f1158",
                "sha256:dbdc84a9b4ea2cbae33861652d25093944b9959279200b7ae0badd32439f74de",
                "sha256:e6e448b62afc95c5b58f97e87ef84699e6607fe5c58730a03301c52496005cae",
                "sha256:f482e78de6e7b0b060ff994ffd859bddc3f7f382bb2019ef157b0ea8ca8712f5"
            ],
            "index": "pypi",
            "version": "==4.6.0.66"
        },
        "pathtools": {
            "hashes": [
                "sha256:7c35c5421a39bb82e58018febd90e3b6e5db34c5443aaaf742b3f33d4655f1c0"
            ],
            "version": "==0.1.2"
        },
        "pillow": {
            "hashes": [
                "sha256:0030fdbd926fb85844b8b92e2f9449ba89607231d3dd597a21ae72dc7fe26927",
                "sha256:030e3460861488e249731c3e7ab59b07c7853838ff3b8e16aac9561bb345da14",
                "sha256:0ed2c4ef2451de908c90436d6e8092e13a43992f1860275b4d8082667fbb2ffc",
                "sha256:136659638f61a251e8ed3b331fc6ccd124590eeff539de57c5f80ef3a9594e58",
                "sha256:13b725463f32df1bfeacbf3dd197fb358ae8ebcd8c5548faa75126ea425ccb60",
                "sha256:1536ad017a9f789430fb6b8be8bf99d2f214c76502becc196c6f2d9a75b01b76",
                "sha256:15928f824870535c85dbf949c09d6ae7d3d6ac2d6efec80f3227f73eefba741c",
                "sha256:17d4cafe22f050b46d983b71c707162d63d796a1235cdf8b9d7a112e97b15bac",
                "sha256:1802f34298f5ba11d55e5bb09c31997dc0c6aed919658dfdf0198a2fe75d5490",
                "sha256:1cc1d2451e8a3b4bfdb9caf745b58e6c7a77d2e469159b0d527a4554d73694d1",
                "sha256:1fd6f5e3c0e4697fa7eb45b6e93996299f3feee73a3175fa451f49a74d092b9f",
                "sha256:254164c57bab4b459f14c64e93df11eff5ded575192c294a0c49270f22c5d93d",
                "sha256:2ad0d4df0f5ef2247e27fc790d5c9b5a0af8ade9ba340db4a73bb1a4a3e5fb4f",
                "sha256:2c58b24e3a63efd22554c676d81b0e57f80e0a7d3a5874a7e14ce90ec40d3069",
                "sha256:2d33a11f601213dcd5718109c09a52c2a1c893e7461f0be2d6febc2879ec2402",
                "sha256:337a74fd2f291c607d220c793a8135273c4c2ab001b03e601c36766005f36885",
                "sha256:37ff6b522a26d0538b753f0b4e8e164fdada12db6c6f00f62145d732d8a3152e",
                "sha256:3d1f14f5f691f55e1b47f824ca4fdcb4b19b4323fe43cc7bb105988cad7496be",
                "sha256:408673ed75594933714482501fe97e055a42996087eeca7e5d06e33218d05aa8",
                "sha256:4134d3f1ba5f15027ff5c04296f13328fecd46921424084516bdb1b2548e66ff",
                "sha256:4ad2f835e0ad81d1689f1b7e3fbac7b01bb8777d5a985c8962bedee0cc6d43da",
                "sha256:50dff9cc21826d2977ef2d2a205504034e3a4563ca6f5db739b0d1026658e004",
                "sha256:510cef4a3f401c246cfd8227b300828715dd055463cdca6176c2e4036df8bd4f",
                "sha256:5aed7dde98403cd91d86a1115c78d8145c83078e864c1de1064f52e6feb61b20",
                "sha256:69bd1a15d7ba3694631e00df8de65a8cb031911ca11f44929c97fe05eb9b6c1d",
                "sha256:6bf088c1ce160f50ea40764f825ec9b72ed9da25346216b91361eef8ad1b8f8c",
                "sha256:6e8c66f70fb539301e064f6478d7453e820d8a2c631da948a23384865cd95544",
                "sha256:727dd1389bc5cb9827cbd1f9d40d2c2a1a0c9b32dd2261db522d22a604a6eec9",
                "sha256:74a04183e6e64930b667d321524e3c5361094bb4af9083db5c301db64cd341f3",
                "sha256:75e636fd3e0fb872693f23ccb8a5ff2cd578801251f3a4f6854c6a5d437d3c04",
                "sha256:7761afe0126d046974a01e030ae7529ed0ca6a196de3ec6937c11df0df1bc91c",
                "sha256:7888310f6214f19ab2b6df90f3f06afa3df7ef7355fc025e78a3044737fab1f5",
                "sha256:7b0554af24df2bf96618dac71ddada02420f946be943b181108cac55a7a2dcd4",
                "sha256:7c7b502bc34f6e32ba022b4a209638f9e097d7a9098104ae420eb8186217ebbb",
                "sha256:808add66ea764ed97d44dda1ac4f2cfec4c1867d9efb16a33d158be79f32b8a4",
                "sha256:831e648102c82f152e14c1a0938689dbb22480c548c8d4b8b248b3e50967b88c",
                "sha256:93689632949aff41199090eff5474f3990b6823404e45d66a5d44304e9cdc467",
                "sha256:96b5e6874431df16aee0c1ba237574cb6dff1dcb173798faa6a9d8b399a05d0e",
                "sha256:9a54614049a18a2d6fe156e68e188da02a046a4a93cf24f373bffd977e943421",
                "sha256:a138441e95562b3c078746a22f8fca8ff1c22c014f856278bdbdd89ca36cff1b",
                "sha256:a647c0d4478b995c5e54615a2e5360ccedd2f85e70ab57fbe817ca613d5e63b8",
                "sha256:a9c9bc489f8ab30906d7a85afac4b4944a572a7432e00698a7239f44a44e6efb",
                "sha256:ad2277b185ebce47a63f4dc6302e30f05762b688f8dc3de55dbae4651872cdf3",
                "sha256:b6d5e92df2b77665e07ddb2e4dbd6d644b78e4c0d2e9272a852627cdba0d75cf",
                "sha256:bc431b065722a5ad1dfb4df354fb9333b7a582a5ee39a90e6ffff688d72f27a1",
                "sha256:bdd0de2d64688ecae88dd8935012c4a72681e5df632af903a1dca8c5e7aa871a",
                "sha256:c79698d4cd9318d9481d89a77e2d3fcaeff5486be641e60a4b49f3d2ecca4e28",
                "sha256:cb6259196a589123d755380b65127ddc60f4c64b21fc3bb46ce3a6ea663659b0",
                "sha256:d5b87da55a08acb586bad5c3aa3b86505f559b84f39035b233d5bf844b0834b1",
                "sha256:dcd7b9c7139dc8258d164b55696ecd16c04607f1cc33ba7af86613881ffe4ac8",
                "sha256:dfe4c1fedfde4e2fbc009d5ad420647f7730d719786388b7de0999bf32c0d9fd",
                "sha256:ea98f633d45f7e815db648fd7ff0f19e328302ac36427343e4432c84432e7ff4",
                "sha256:ec52c351b35ca269cb1f8069d610fc45c5bd38c3e91f9ab4cbbf0aebc136d9c8",
                "sha256:eef7592281f7c174d3d6cbfbb7ee5984a671fcd77e3fc78e973d492e9bf0eb3f",
                "sha256:f07f1f00e22b231dd3d9b9208692042e29792d6bd4f6639415d2f23158a80013",
                "sha256:f3fac744f9b540148fa7715a435d2283b71f68bfb6d4aae24482a890aed18b59",
                "sha256:fa768eff5f9f958270b081bb33581b4b569faabf8774726b283edb06617101dc",
                "sha256:fac2d65901fb0fdf20363fbd345c01958a742f2dc62a8dd4495af66e3ff502a4"
            ],
            "index": "pypi",
            "version": "==9.2.0"
        },
        "protobuf": {
            "hashes": [
                "sha256:13233ee2b9d3bd9a5f216c1fa2c321cd564b93d8f2e4f521a85b585447747997",
                "sha256:23452f2fdea754a8251d0fc88c0317735ae47217e0d27bf330a30eec2848811a",
                "sha256:52f0a78141078077cfe15fe333ac3e3a077420b9a3f5d1bf9b5fe9d286b4d881",
                "sha256:70659847ee57a5262a65954538088a1d72dfc3e9882695cab9f0c54ffe71663b",
                "sha256:7760730063329d42a9d4c4573b804289b738d4931e363ffbe684716b796bde51",
                "sha256:7cf56e31907c532e460bb62010a513408e6cdf5b03fb2611e4b67ed398ad046d",
                "sha256:8b54f56d13ae4a3ec140076c9d937221f887c8f64954673d46f63751209e839a",
                "sha256:d14fc1a41d1a1909998e8aff7e80d2a7ae14772c4a70e4bf7db8a36690b54425",
                "sha256:d4b66266965598ff4c291416be429cef7989d8fae88b55b62095a2331511b3fa",
                "sha256:e0e630d8e6a79f48c557cd1835865b593d0547dce221c66ed1b827de59c66c97",
                "sha256:ecae944c6c2ce50dda6bf76ef5496196aeb1b85acb95df5843cd812615ec4b61",
                "sha256:f08aa300b67f1c012100d8eb62d47129e53d1150f4469fd78a29fa3cb68c66f2",
                "sha256:f2f4710543abec186aee332d6852ef5ae7ce2e9e807a3da570f36de5a732d88e"
            ],
            "markers": "sys_platform != 'linux'",
            "version": "==4.22.3"
        },
        "psutil": {
            "hashes": [
                "sha256:104a5cc0e31baa2bcf67900be36acde157756b9c44017b86b2c049f11957887d",
                "sha256:3c6f686f4225553615612f6d9bc21f1c0e305f75d7d8454f9b46e901778e7217",
                "sha256:4aef137f3345082a3d3232187aeb4ac4ef959ba3d7c10c33dd73763fbc063da4",
                "sha256:5410638e4df39c54d957fc51ce03048acd8e6d60abc0f5107af51e5fb566eb3c",
                "sha256:5b9b8cb93f507e8dbaf22af6a2fd0ccbe8244bf30b1baad6b3954e935157ae3f",
                "sha256:7a7dd9997128a0d928ed4fb2c2d57e5102bb6089027939f3b722f3a210f9a8da",
                "sha256:89518112647f1276b03ca97b65cc7f64ca587b1eb0278383017c2a0dcc26cbe4",
                "sha256:8c5f7c5a052d1d567db4ddd231a9d27a74e8e4a9c3f44b1032762bd7b9fdcd42",
                "sha256:ab8ed1a1d77c95453db1ae00a3f9c50227ebd955437bcf2a574ba8adbf6a74d5",
                "sha256:acf2aef9391710afded549ff602b5887d7a2349831ae4c26be7c807c0a39fac4",
                "sha256:b258c0c1c9d145a1d5ceffab1134441c4c5113b2417fafff7315a917a026c3c9",
                "sha256:be8929ce4313f9f8146caad4272f6abb8bf99fc6cf59344a3167ecd74f4f203f",
                "sha256:c607bb3b57dc779d55e1554846352b4e358c10fff3abf3514a7a6601beebdb30",
                "sha256:ea8518d152174e1249c4f2a1c89e3e6065941df2fa13a1ab45327716a23c2b48"
            ],
            "markers": "python_version >= '2.7' and python_version not in '3.0, 3.1, 3.2, 3.3'",
            "version": "==5.9.5"
        },
        "pyyaml": {
            "hashes": [
                "sha256:01b45c0191e6d66c470b6cf1b9531a771a83c1c4208272ead47a3ae4f2f603bf",
                "sha256:0283c35a6a9fbf047493e3a0ce8d79ef5030852c51e9d911a27badfde0605293",
                "sha256:055d937d65826939cb044fc8c9b08889e8c743fdc6a32b33e2390f66013e449b",
                "sha256:07751360502caac1c067a8132d150cf3d61339af5691fe9e87803040dbc5db57",
                "sha256:0b4624f379dab24d3725ffde76559cff63d9ec94e1736b556dacdfebe5ab6d4b",
                "sha256:0ce82d761c532fe4ec3f87fc45688bdd3a4c1dc5e0b4a19814b9009a29baefd4",
                "sha256:1e4747bc279b4f613a09eb64bba2ba602d8a6664c6ce6396a4d0cd413a50ce07",
                "sha256:213c60cd50106436cc818accf5baa1aba61c0189ff610f64f4a3e8c6726218ba",
                "sha256:231710d57adfd809ef5d34183b8ed1eeae3f76459c18fb4a0b373ad56bedcdd9",
                "sha256:277a0ef2981ca40581a47093e9e2d13b3f1fbbeffae064c1d21bfceba2030287",
                "sha256:2cd5df3de48857ed0544b34e2d40e9fac445930039f3cfe4bcc592a1f836d513",
                "sha256:40527857252b61eacd1d9af500c3337ba8deb8fc298940291486c465c8b46ec0",
                "sha256:432557aa2c09802be39460360ddffd48156e30721f5e8d917f01d31694216782",
                "sha256:473f9edb243cb1935ab5a084eb238d842fb8f404ed2193a915d1784b5a6b5fc0",
                "sha256:48c346915c114f5fdb3ead70312bd042a953a8ce5c7106d5bfb1a5254e47da92",
                "sha256:50602afada6d6cbfad699b0c7bb50d5ccffa7e46a3d738092afddc1f9758427f",
                "sha256:68fb519c14306fec9720a2a5b45bc9f0c8d1b9c72adf45c37baedfcd949c35a2",
                "sha256:77f396e6ef4c73fdc33a9157446466f1cff553d979bd00ecb64385760c6babdc",
                "sha256:81957921f441d50af23654aa6c5e5eaf9b06aba7f0a19c18a538dc7ef291c5a1",
                "sha256:819b3830a1543db06c4d4b865e70ded25be52a2e0631ccd2f6a47a2822f2fd7c",
                "sha256:897b80890765f037df3403d22bab41627ca8811ae55e9a722fd0392850ec4d86",
                "sha256:98c4d36e99714e55cfbaaee6dd5badbc9a1ec339ebfc3b1f52e293aee6bb71a4",
                "sha256:9df7ed3b3d2e0ecfe09e14741b857df43adb5a3ddadc919a2d94fbdf78fea53c",
                "sha256:9fa600030013c4de8165339db93d182b9431076eb98eb40ee068700c9c813e34",
                "sha256:a80a78046a72361de73f8f395f1f1e49f956c6be882eed58505a15f3e430962b",
                "sha256:afa17f5bc4d1b10afd4466fd3a44dc0e245382deca5b3c353d8b757f9e3ecb8d",
                "sha256:b3d267842bf12586ba6c734f89d1f5b871df0273157918b0ccefa29deb05c21c",
                "sha256:b5b9eccad747aabaaffbc6064800670f0c297e52c12754eb1d976c57e4f74dcb",
                "sha256:bfaef573a63ba8923503d27530362590ff4f576c626d86a9fed95822a8255fd7",
                "sha256:c5687b8d43cf58545ade1fe3e055f70eac7a5a1a0bf42824308d868289a95737",
                "sha256:cba8c411ef271aa037d7357a2bc8f9ee8b58b9965831d9e51baf703280dc73d3",
                "sha256:d15a181d1ecd0d4270dc32edb46f7cb7733c7c508857278d3d378d14d606db2d",
                "sha256:d4b0ba9512519522b118090257be113b9468d804b19d63c71dbcf4a48fa32358",
                "sha256:d4db7c7aef085872ef65a8fd7d6d09a14ae91f691dec3e87ee5ee0539d516f53",
                "sha256:d4eccecf9adf6fbcc6861a38015c2a64f38b9d94838ac1810a9023a0609e1b78",
                "sha256:d67d839ede4ed1b28a4e8909735fc992a923cdb84e618544973d7dfc71540803",
                "sha256:daf496c58a8c52083df09b80c860005194014c3698698d1a57cbcfa182142a3a",
                "sha256:dbad0e9d368bb989f4515da330b88a057617d16b6a8245084f1b05400f24609f",
                "sha256:e61ceaab6f49fb8bdfaa0f92c4b57bcfbea54c09277b1b4f7ac376bfb7a7c174",
                "sha256:f84fbc98b019fef2ee9a1cb3ce93e3187a6df0b2538a651bfb890254ba9f90b5"
            ],
            "markers": "python_version >= '3.6'",
            "version": "==6.0"
        },
        "requests": {
            "hashes": [
                "sha256:7c5599b102feddaa661c826c56ab4fee28bfd17f5abca1ebbe3e7f19d7c97983",
                "sha256:8fefa2a1a1365bf5520aac41836fbee479da67864514bdb821f31ce07ce65349"
            ],
            "markers": "python_version < '4' and python_full_version >= '3.7.0'",
            "version": "==2.28.1"
        },
        "sentry-sdk": {
            "hashes": [
                "sha256:092888f3abf7a2ea78f0bfcefc3e0465caee2b6f0efb26f538ccc60f95dca179",
                "sha256:99c15556a23621be9f18c2955f7ce63321713bf1c0ad396b27b61399bac5f458"
            ],
            "version": "==1.21.1"
        },
        "setproctitle": {
            "hashes": [
                "sha256:1c5d5dad7c28bdd1ec4187d818e43796f58a845aa892bb4481587010dc4d362b",
                "sha256:1c8d9650154afaa86a44ff195b7b10d683c73509d085339d174e394a22cccbb9",
                "sha256:1f0cde41857a644b7353a0060b5f94f7ba7cf593ebde5a1094da1be581ac9a31",
                "sha256:1f29b75e86260b0ab59adb12661ef9f113d2f93a59951373eb6d68a852b13e83",
                "sha256:1fa1a0fbee72b47dc339c87c890d3c03a72ea65c061ade3204f285582f2da30f",
                "sha256:1ff863a20d1ff6ba2c24e22436a3daa3cd80be1dfb26891aae73f61b54b04aca",
                "sha256:265ecbe2c6eafe82e104f994ddd7c811520acdd0647b73f65c24f51374cf9494",
                "sha256:288943dec88e178bb2fd868adf491197cc0fc8b6810416b1c6775e686bab87fe",
                "sha256:2a97d51c17d438cf5be284775a322d57b7ca9505bb7e118c28b1824ecaf8aeaa",
                "sha256:2e3ac25bfc4a0f29d2409650c7532d5ddfdbf29f16f8a256fc31c47d0dc05172",
                "sha256:2fbd8187948284293f43533c150cd69a0e4192c83c377da837dbcd29f6b83084",
                "sha256:37ece938110cab2bb3957e3910af8152ca15f2b6efdf4f2612e3f6b7e5459b80",
                "sha256:4058564195b975ddc3f0462375c533cce310ccdd41b80ac9aed641c296c3eff4",
                "sha256:4749a2b0c9ac52f864d13cee94546606f92b981b50e46226f7f830a56a9dc8e1",
                "sha256:4bba3be4c1fabf170595b71f3af46c6d482fbe7d9e0563999b49999a31876f77",
                "sha256:4d8938249a7cea45ab7e1e48b77685d0f2bab1ebfa9dde23e94ab97968996a7c",
                "sha256:5194b4969f82ea842a4f6af2f82cd16ebdc3f1771fb2771796e6add9835c1973",
                "sha256:55ce1e9925ce1765865442ede9dca0ba9bde10593fcd570b1f0fa25d3ec6b31c",
                "sha256:570d255fd99c7f14d8f91363c3ea96bd54f8742275796bca67e1414aeca7d8c3",
                "sha256:587c7d6780109fbd8a627758063d08ab0421377c0853780e5c356873cdf0f077",
                "sha256:589be87172b238f839e19f146b9ea47c71e413e951ef0dc6db4218ddacf3c202",
                "sha256:5b932c3041aa924163f4aab970c2f0e6b4d9d773f4d50326e0ea1cd69240e5c5",
                "sha256:5fb4f769c02f63fac90989711a3fee83919f47ae9afd4758ced5d86596318c65",
                "sha256:630f6fe5e24a619ccf970c78e084319ee8be5be253ecc9b5b216b0f474f5ef18",
                "sha256:65d884e22037b23fa25b2baf1a3316602ed5c5971eb3e9d771a38c3a69ce6e13",
                "sha256:6c877691b90026670e5a70adfbcc735460a9f4c274d35ec5e8a43ce3f8443005",
                "sha256:710e16fa3bade3b026907e4a5e841124983620046166f355bbb84be364bf2a02",
                "sha256:7a55fe05f15c10e8c705038777656fe45e3bd676d49ad9ac8370b75c66dd7cd7",
                "sha256:7aa0aac1711fadffc1d51e9d00a3bea61f68443d6ac0241a224e4d622489d665",
                "sha256:7f0bed90a216ef28b9d227d8d73e28a8c9b88c0f48a082d13ab3fa83c581488f",
                "sha256:7f2719a398e1a2c01c2a63bf30377a34d0b6ef61946ab9cf4d550733af8f1ef1",
                "sha256:7fe9df7aeb8c64db6c34fc3b13271a363475d77bc157d3f00275a53910cb1989",
                "sha256:88486e6cce2a18a033013d17b30a594f1c5cb42520c49c19e6ade40b864bb7ff",
                "sha256:8e4f8f12258a8739c565292a551c3db62cca4ed4f6b6126664e2381acb4931bf",
                "sha256:8ff3c8cb26afaed25e8bca7b9dd0c1e36de71f35a3a0706b5c0d5172587a3827",
                "sha256:9124bedd8006b0e04d4e8a71a0945da9b67e7a4ab88fdad7b1440dc5b6122c42",
                "sha256:92c626edc66169a1b09e9541b9c0c9f10488447d8a2b1d87c8f0672e771bc927",
                "sha256:a149a5f7f2c5a065d4e63cb0d7a4b6d3b66e6e80f12e3f8827c4f63974cbf122",
                "sha256:a47d97a75fd2d10c37410b180f67a5835cb1d8fdea2648fd7f359d4277f180b9",
                "sha256:a499fff50387c1520c085a07578a000123f519e5f3eee61dd68e1d301659651f",
                "sha256:a8e0881568c5e6beff91ef73c0ec8ac2a9d3ecc9edd6bd83c31ca34f770910c4",
                "sha256:ab45146c71ca6592c9cc8b354a2cc9cc4843c33efcbe1d245d7d37ce9696552d",
                "sha256:b2c9cb2705fc84cb8798f1ba74194f4c080aaef19d9dae843591c09b97678e98",
                "sha256:b34baef93bfb20a8ecb930e395ccd2ae3268050d8cf4fe187de5e2bd806fd796",
                "sha256:b617f12c9be61e8f4b2857be4a4319754756845dbbbd9c3718f468bbb1e17bcb",
                "sha256:b9fb97907c830d260fa0658ed58afd48a86b2b88aac521135c352ff7fd3477fd",
                "sha256:bae283e85fc084b18ffeb92e061ff7ac5af9e183c9d1345c93e178c3e5069cbe",
                "sha256:c2c46200656280a064073447ebd363937562debef329482fd7e570c8d498f806",
                "sha256:c8a09d570b39517de10ee5b718730e171251ce63bbb890c430c725c8c53d4484",
                "sha256:c91b9bc8985d00239f7dc08a49927a7ca1ca8a6af2c3890feec3ed9665b6f91e",
                "sha256:ca58cd260ea02759238d994cfae844fc8b1e206c684beb8f38877dcab8451dfc",
                "sha256:d7d17c8bd073cbf8d141993db45145a70b307385b69171d6b54bcf23e5d644de",
                "sha256:dad42e676c5261eb50fdb16bdf3e2771cf8f99a79ef69ba88729aeb3472d8575",
                "sha256:db684d6bbb735a80bcbc3737856385b55d53f8a44ce9b46e9a5682c5133a9bf7",
                "sha256:de3a540cd1817ede31f530d20e6a4935bbc1b145fd8f8cf393903b1e02f1ae76",
                "sha256:e00c9d5c541a2713ba0e657e0303bf96ddddc412ef4761676adc35df35d7c246",
                "sha256:e1aafc91cbdacc9e5fe712c52077369168e6b6c346f3a9d51bf600b53eae56bb",
                "sha256:e425be62524dc0c593985da794ee73eb8a17abb10fe692ee43bb39e201d7a099",
                "sha256:e43f315c68aa61cbdef522a2272c5a5b9b8fd03c301d3167b5e1343ef50c676c",
                "sha256:e49ae693306d7624015f31cb3e82708916759d592c2e5f72a35c8f4cc8aef258",
                "sha256:e5c50e164cd2459bc5137c15288a9ef57160fd5cbf293265ea3c45efe7870865",
                "sha256:e8579a43eafd246e285eb3a5b939e7158073d5087aacdd2308f23200eac2458b",
                "sha256:e85e50b9c67854f89635a86247412f3ad66b132a4d8534ac017547197c88f27d",
                "sha256:e932089c35a396dc31a5a1fc49889dd559548d14cb2237adae260382a090382e",
                "sha256:f0452282258dfcc01697026a8841258dd2057c4438b43914b611bccbcd048f10",
                "sha256:f4bfc89bd33ebb8e4c0e9846a09b1f5a4a86f5cb7a317e75cc42fee1131b4f4f",
                "sha256:fa2f50678f04fda7a75d0fe5dd02bbdd3b13cbe6ed4cf626e4472a7ccf47ae94",
                "sha256:faec934cfe5fd6ac1151c02e67156c3f526e82f96b24d550b5d51efa4a5527c6",
                "sha256:fcd3cf4286a60fdc95451d8d14e0389a6b4f5cebe02c7f2609325eb016535963",
                "sha256:fe8a988c7220c002c45347430993830666e55bc350179d91fcee0feafe64e1d4",
                "sha256:fed18e44711c5af4b681c2b3b18f85e6f0f1b2370a28854c645d636d5305ccd8",
                "sha256:ffc61a388a5834a97953d6444a2888c24a05f2e333f9ed49f977a87bb1ad4761"
            ],
            "markers": "python_version >= '3.7'",
            "version": "==1.3.2"
        },
        "setuptools": {
            "hashes": [
                "sha256:23aaf86b85ca52ceb801d32703f12d77517b2556af839621c641fca11287952b",
                "sha256:f104fa03692a2602fa0fec6c6a9e63b6c8a968de13e17c026957dd1f53d80990"
            ],
            "markers": "python_version >= '3.7'",
            "version": "==67.7.2"
        },
        "shapely": {
            "hashes": [
                "sha256:0c0fd457ce477b1dced507a72f1e2084c9191bfcb8a1e09886990ebd02acf024",
                "sha256:137f1369630408024a62ff79a437a5657e6c5b76b9cd352dde704b425acdb298",
                "sha256:15a856fbb588ad5d042784e00918c662902776452008c771ecba2ff615cd197a",
                "sha256:1d95842cc6bbbeab673061b63e70b07be9a375c15a60f4098f8fbd29f43af1b4",
                "sha256:256bdf8080bb7bb504d47b2c76919ecebab9708cc1b26266b3ec32b42448f642",
                "sha256:2e02da2e988e74d61f15c720f9f613fab51942aae2dfeacdcb78eadece00e1f3",
                "sha256:3423299254deec075e79fb7dc7909d702104e4167149de7f45510c3a6342eeea",
                "sha256:3a40bf497b57a6625b83996aed10ce2233bca0e5471b8af771b186d681433ac5",
                "sha256:44d2832c1b706bf43101fda92831a083467cc4b4923a7ed17319ab599c1025d8",
                "sha256:5254240eefc44139ab0d128faf671635d8bdd9c23955ee063d4d6b8f20073ae0",
                "sha256:56413f7d32c70b63f239eb0865b24c0c61029e38757de456cc4ab3c416559a0b",
                "sha256:572af9d5006fd5e3213e37ee548912b0341fb26724d6dc8a4e3950c10197ebb6",
                "sha256:62056e64b12b6d483d79f8e34bf058d2fe734d51c9227c1713705399434eff3b",
                "sha256:68c8e18dc9dc8a198c3addc8c9596f64137101f566f04b96ecfca0b214cb8b12",
                "sha256:6bdc7728f1e5df430d8c588661f79f1eed4a2728c8b689e12707cfec217f68f8",
                "sha256:6fcb28836ae93809de1dde73c03c9c24bab0ba2b2bf419ddb2aeb72c96d110e9",
                "sha256:75042e8039c79dd01f102bb288beace9dc2f49fc44a2dea875f9b697aa8cd30d",
                "sha256:78966332a89813b237de357a03f612fd451a871fe6e26c12b6b71645fe8eee39",
                "sha256:7c8eda45085ccdd7f9805ea4a93fdd5eb0b6039a61d5f0cefb960487e6dc17a1",
                "sha256:7c9e3400b716c51ba43eea1678c28272580114e009b6c78cdd00c44df3e325fa",
                "sha256:840be3f27a1152851c54b968f2e12d718c9f13b7acd51c482e58a70f60f29e31",
                "sha256:8e3ed52a081da58eb4a885c157c594876633dbd4eb283f13ba5bf39c82322d76",
                "sha256:8fe641f1f61b3d43dd61b5a85d2ef023e6e19bf8f204a5160a1cb1ec645cbc09",
                "sha256:a58e1f362f2091743e5e13212f5d5d16251a4bb63dd0ed587c652d3be9620d3a",
                "sha256:a60861b5ca2c488ebcdc706eca94d325c26d1567921c74acc83df5e6913590c7",
                "sha256:beee3949ddf381735049cfa6532fb234d5d20a5be910c4f2fb7c7295fd7960e3",
                "sha256:c0a0d7752b145343838bd36ed09382d85f5befe426832d7384c5b051c147acbd",
                "sha256:c60f3758212ec480675b820b13035dda8af8f7cc560d2cc67999b2717fb8faef",
                "sha256:ce0b5c5f7acbccf98b3460eecaa40e9b18272b2a734f74fcddf1d7696e047e95",
                "sha256:cec89a5617c0137f4678282e983c3d63bf838fb00cdf318cc555b4d8409f7130",
                "sha256:d3f3fac625690f01f35af665649e993f15f924e740b5c0ac0376900655815521",
                "sha256:d74de394684d66e25e780b0359fda85be7766af85940fa2dfad728b1a815c71f",
                "sha256:e07b0bd2a0e61a8afd4d1c1bd23f3550b711f01274ffb53de99358fd781eefd8",
                "sha256:f12695662c3ad1e6031b3de98f191963d0f09de6d1a4988acd907405644032ba"
            ],
            "index": "pypi",
            "version": "==1.8.2"
        },
        "six": {
            "hashes": [
                "sha256:1e61c37477a1626458e36f7b1d82aa5c9b094fa4802892072e49de9c60c4c926",
                "sha256:8abb2f1d86890a2dfb989f9a77cfcfd3e47c2a354b01111771326f8aa26e0254"
            ],
            "markers": "python_version >= '2.7' and python_version not in '3.0, 3.1, 3.2, 3.3'",
            "version": "==1.16.0"
        },
        "smmap": {
            "hashes": [
                "sha256:2aba19d6a040e78d8b09de5c57e96207b09ed71d8e55ce0959eeee6c8e190d94",
                "sha256:c840e62059cd3be204b0c9c9f74be2c09d5648eddd4580d9314c3ecde0b30936"
            ],
            "markers": "python_version >= '3.6'",
            "version": "==5.0.0"
        },
        "sympy": {
            "hashes": [
                "sha256:938f984ee2b1e8eae8a07b884c8b7a1146010040fccddc6539c54f401c8f6fcf",
                "sha256:e32380dce63cb7c0108ed525570092fd45168bdae2faa17e528221ef72e88658"
            ],
            "markers": "python_full_version >= '3.8.0'",
            "version": "==1.11.1"
        },
        "torch": {
            "hashes": [
                "sha256:0399746f83b4541bcb5b219a18dbe8cade760aba1c660d2748a38c6dc338ebc7",
                "sha256:0986685f2ec8b7c4d3593e8cfe96be85d462943f1a8f54112fc48d4d9fbbe903",
                "sha256:13c7cca6b2ea3704d775444f02af53c5f072d145247e17b8cd7813ac57869f03",
                "sha256:201abf43a99bb4980cc827dd4b38ac28f35e4dddac7832718be3d5479cafd2c1",
                "sha256:2143d5fe192fd908b70b494349de5b1ac02854a8a902bd5f47d13d85b410e430",
                "sha256:2568f011dddeb5990d8698cc375d237f14568ffa8489854e3b94113b4b6b7c8b",
                "sha256:3322d33a06e440d715bb214334bd41314c94632d9a2f07d22006bf21da3a2be4",
                "sha256:349ea3ba0c0e789e0507876c023181f13b35307aebc2e771efd0e045b8e03e84",
                "sha256:44a3804e9bb189574f5d02ccc2dc6e32e26a81b3e095463b7067b786048c6072",
                "sha256:5ed69d5af232c5c3287d44cef998880dadcc9721cd020e9ae02f42e56b79c2e4",
                "sha256:60d06ee2abfa85f10582d205404d52889d69bcbb71f7e211cfc37e3957ac19ca",
                "sha256:63341f96840a223f277e498d2737b39da30d9f57c7a1ef88857b920096317739",
                "sha256:72207b8733523388c49d43ffcc4416d1d8cd64c40f7826332e714605ace9b1d2",
                "sha256:7ddb167827170c4e3ff6a27157414a00b9fef93dea175da04caf92a0619b7aee",
                "sha256:844f1db41173b53fe40c44b3e04fcca23a6ce00ac328b7099f2800e611766845",
                "sha256:a1325c9c28823af497cbf443369bddac9ac59f67f1e600f8ab9b754958e55b76",
                "sha256:abbdc5483359b9495dc76e3bd7911ccd2ddc57706c117f8316832e31590af871",
                "sha256:c0313438bc36448ffd209f5fb4e5f325b3af158cdf61c8829b8ddaf128c57816",
                "sha256:e3e8348edca3e3cee5a67a2b452b85c57712efe1cc3ffdb87c128b3dde54534e",
                "sha256:fb47291596677570246d723ee6abbcbac07eeba89d8f83de31e3954f21f44879"
            ],
            "index": "pypi",
            "version": "==1.12.0"
        },
        "torchvision": {
            "hashes": [
                "sha256:01e9e7b2e7724e66561e8d98f900985d80191e977c5c0b3f33ed31800ba0210c",
                "sha256:0e28740bd5695076f7c449af650fc474d6566722d446461c2ceebf9c9599b37f",
                "sha256:1b703701f0b99f307ad925b1abda2b3d5bdbf30643ff02102b6aeeb8840ae278",
                "sha256:1e2049f1207631d42d743205f663f1d2235796565be3f18b0339d479626faf30",
                "sha256:253eb0c67bf88cef4a79ec69058c3e94f9fde28b9e3699ad1afc0b3ed50f8075",
                "sha256:42d95ab197d090efc5669fec02fbc603d05c859e50ca2c60180d1a113aa9b3e2",
                "sha256:5c31e9b3004142dbfdf32adc4cf2d4fd709b820833e9786f839ae3a91ff65ef0",
                "sha256:61d5093a50b7923a4e5bf9e0271001c29e01abec2348b7dd93370a0a9d15836c",
                "sha256:667cac55afb13cda7d362466e7eba3119e529b210e55507d231bead09aca5e1f",
                "sha256:6c4c35428c758adc485ff8f239b5ed68c1b6c26efa261a52e431cab0f7f22aec",
                "sha256:83a4d9d50787d1e886c94486b63b15978391f6cf1892fce6a93132c09b14e128",
                "sha256:a20662c11dc14fd4eff102ceb946a7ee80b9f98303bb52435cc903f2c4c1fe10",
                "sha256:acb72a40e5dc0cd454d28514dbdd589a5057afd9bb5c785b87a54718b999bfa1",
                "sha256:ad458146aca15f652f9b0c227bebd5403602c7341f15f68f20ec119fa8e8f4a5",
                "sha256:ada295dbfe55017b02acfab960a997387f5addbadd28ee5e575e24f692992ce4",
                "sha256:b620a43df4131ad09f5761c415a016a9ea95aaf8ec8c91d030fb59bad591094a",
                "sha256:b7a2c9aebc7ef265777fe7e82577364288d98cf6b8cf0a63bb2621df78a7af1a",
                "sha256:c2278a189663087bb8e65915062aa7a25b8f8e5a3cfaa5879fe277e23e4bbf40",
                "sha256:df16abf31e7a5fce8db1f781bf1e4f20c8bc730c7c3f657e946cc5820c04e465"
            ],
            "index": "pypi",
            "version": "==0.13.0"
        },
        "tqdm": {
            "hashes": [
                "sha256:40be55d30e200777a307a7585aee69e4eabb46b4ec6a4b4a5f2d9f11e7d5408d",
                "sha256:74a2cdefe14d11442cedf3ba4e21a3b84ff9a2dbdc6cfae2c34addb2a14a5ea6"
            ],
            "index": "pypi",
            "version": "==4.64.0"
        },
        "typing-extensions": {
            "hashes": [
                "sha256:25642c956049920a5aa49edcdd6ab1e06d7e5d467fc00e0506c44ac86fbfca02",
                "sha256:e6d2677a32f47fc7eb2795db1dd15c1f34eff616bcaf2cfb5e997f854fa1c4a6"
            ],
            "markers": "python_full_version >= '3.7.0'",
            "version": "==4.3.0"
        },
        "urllib3": {
            "hashes": [
                "sha256:c33ccba33c819596124764c23a97d25f32b28433ba0dedeb77d873a38722c9bc",
                "sha256:ea6e8fb210b19d950fab93b60c9009226c63a28808bc8386e05301e25883ac0a"
            ],
            "markers": "python_version >= '2.7' and python_version not in '3.0, 3.1, 3.2, 3.3, 3.4, 3.5' and python_version < '4'",
            "version": "==1.26.11"
        },
        "wandb": {
            "hashes": [
                "sha256:0c49d3c5881ed6c4b0752ba6b069ecfed28df9459fb0f59fc93f1b6ceda94bcb",
                "sha256:8e92574c01d3d1d4f879a33bb8af54f0dbfb07fc00b1e2ec1070ce31839c7b14"
            ],
            "index": "pypi",
            "version": "==0.15.1"
        }
    },
    "develop": {
        "black": {
            "hashes": [
                "sha256:074458dc2f6e0d3dab7928d4417bb6957bb834434516f21514138437accdbe90",
                "sha256:187d96c5e713f441a5829e77120c269b6514418f4513a390b0499b0987f2ff1c",
                "sha256:2ea29072e954a4d55a2ff58971b83365eba5d3d357352a07a7a4df0d95f51c78",
                "sha256:4af5bc0e1f96be5ae9bd7aaec219c901a94d6caa2484c21983d043371c733fc4",
                "sha256:560558527e52ce8afba936fcce93a7411ab40c7d5fe8c2463e279e843c0328ee",
                "sha256:568ac3c465b1c8b34b61cd7a4e349e93f91abf0f9371eda1cf87194663ab684e",
                "sha256:6797f58943fceb1c461fb572edbe828d811e719c24e03375fd25170ada53825e",
                "sha256:6c1734ab264b8f7929cef8ae5f900b85d579e6cbfde09d7387da8f04771b51c6",
                "sha256:6c6d39e28aed379aec40da1c65434c77d75e65bb59a1e1c283de545fb4e7c6c9",
                "sha256:7ba9be198ecca5031cd78745780d65a3f75a34b2ff9be5837045dce55db83d1c",
                "sha256:94783f636bca89f11eb5d50437e8e17fbc6a929a628d82304c80fa9cd945f256",
                "sha256:a218d7e5856f91d20f04e931b6f16d15356db1c846ee55f01bac297a705ca24f",
                "sha256:a3db5b6409b96d9bd543323b23ef32a1a2b06416d525d27e0f67e74f1446c8f2",
                "sha256:ac609cf8ef5e7115ddd07d85d988d074ed00e10fbc3445aee393e70164a2219c",
                "sha256:b154e6bbde1e79ea3260c4b40c0b7b3109ffcdf7bc4ebf8859169a6af72cd70b",
                "sha256:b270a168d69edb8b7ed32c193ef10fd27844e5c60852039599f9184460ce0807",
                "sha256:b9fd45787ba8aa3f5e0a0a98920c1012c884622c6c920dbe98dbd05bc7c70fbf",
                "sha256:c85928b9d5f83b23cee7d0efcb310172412fbf7cb9d9ce963bd67fd141781def",
                "sha256:c9a3ac16efe9ec7d7381ddebcc022119794872abce99475345c5a61aa18c45ad",
                "sha256:cfaf3895a9634e882bf9d2363fed5af8888802d670f58b279b0bece00e9a872d",
                "sha256:e439798f819d49ba1c0bd9664427a05aab79bfba777a6db94fd4e56fae0cb849",
                "sha256:f586c26118bc6e714ec58c09df0157fe2d9ee195c764f630eb0d8e7ccce72e69",
                "sha256:f6fe02afde060bbeef044af7996f335fbe90b039ccf3f5eb8f16df8b20f77666"
            ],
            "index": "pypi",
            "version": "==22.6.0"
        },
        "click": {
            "hashes": [
                "sha256:7682dc8afb30297001674575ea00d1814d808d6a36af415a82bd481d37ba7b8e",
                "sha256:bb4d8133cb15a609f44e8213d9b391b0809795062913b383c62be0ee95b1db48"
            ],
            "markers": "python_version >= '3.7'",
            "version": "==8.1.3"
        },
        "mypy": {
            "hashes": [
                "sha256:02ef476f6dcb86e6f502ae39a16b93285fef97e7f1ff22932b657d1ef1f28655",
                "sha256:0d054ef16b071149917085f51f89555a576e2618d5d9dd70bd6eea6410af3ac9",
                "sha256:19830b7dba7d5356d3e26e2427a2ec91c994cd92d983142cbd025ebe81d69cf3",
                "sha256:1f7656b69974a6933e987ee8ffb951d836272d6c0f81d727f1d0e2696074d9e6",
                "sha256:23488a14a83bca6e54402c2e6435467a4138785df93ec85aeff64c6170077fb0",
                "sha256:23c7ff43fff4b0df93a186581885c8512bc50fc4d4910e0f838e35d6bb6b5e58",
                "sha256:25c5750ba5609a0c7550b73a33deb314ecfb559c350bb050b655505e8aed4103",
                "sha256:2ad53cf9c3adc43cf3bea0a7d01a2f2e86db9fe7596dfecb4496a5dda63cbb09",
                "sha256:3fa7a477b9900be9b7dd4bab30a12759e5abe9586574ceb944bc29cddf8f0417",
                "sha256:40b0f21484238269ae6a57200c807d80debc6459d444c0489a102d7c6a75fa56",
                "sha256:4b21e5b1a70dfb972490035128f305c39bc4bc253f34e96a4adf9127cf943eb2",
                "sha256:5a361d92635ad4ada1b1b2d3630fc2f53f2127d51cf2def9db83cba32e47c856",
                "sha256:77a514ea15d3007d33a9e2157b0ba9c267496acf12a7f2b9b9f8446337aac5b0",
                "sha256:855048b6feb6dfe09d3353466004490b1872887150c5bb5caad7838b57328cc8",
                "sha256:9796a2ba7b4b538649caa5cecd398d873f4022ed2333ffde58eaf604c4d2cb27",
                "sha256:98e02d56ebe93981c41211c05adb630d1d26c14195d04d95e49cd97dbc046dc5",
                "sha256:b793b899f7cf563b1e7044a5c97361196b938e92f0a4343a5d27966a53d2ec71",
                "sha256:d1ea5d12c8e2d266b5fb8c7a5d2e9c0219fedfeb493b7ed60cd350322384ac27",
                "sha256:d2022bfadb7a5c2ef410d6a7c9763188afdb7f3533f22a0a32be10d571ee4bbe",
                "sha256:d3348e7eb2eea2472db611486846742d5d52d1290576de99d59edeb7cd4a42ca",
                "sha256:d744f72eb39f69312bc6c2abf8ff6656973120e2eb3f3ec4f758ed47e414a4bf",
                "sha256:ef943c72a786b0f8d90fd76e9b39ce81fb7171172daf84bf43eaf937e9f220a9",
                "sha256:f2899a3cbd394da157194f913a931edfd4be5f274a88041c9dc2d9cdcb1c315c"
            ],
            "index": "pypi",
            "version": "==0.971"
        },
        "mypy-extensions": {
            "hashes": [
                "sha256:090fedd75945a69ae91ce1303b5824f428daf5a028d2f6ab8a299250a846f15d",
                "sha256:2d82818f5bb3e369420cb3c4060a7970edba416647068eb4c5343488a6c604a8"
            ],
            "version": "==0.4.3"
        },
        "packaging": {
            "hashes": [
                "sha256:994793af429502c4ea2ebf6bf664629d07c1a9fe974af92966e4b8d2df7edc61",
                "sha256:a392980d2b6cffa644431898be54b0045151319d1e7ec34f0cfed48767dd334f"
            ],
            "markers": "python_version >= '3.7'",
            "version": "==23.1"
        },
        "pathspec": {
            "hashes": [
                "sha256:7d15c4ddb0b5c802d161efc417ec1a2558ea2653c2e8ad9c19098201dc1c993a",
                "sha256:e564499435a2673d586f6b2130bb5b95f04a3ba06f81b8f895b651a3c76aabb1"
            ],
            "version": "==0.9.0"
        },
        "platformdirs": {
            "hashes": [
                "sha256:027d8e83a2d7de06bbac4e5ef7e023c02b863d7ea5d079477e722bb41ab25788",
                "sha256:58c8abb07dcb441e6ee4b11d8df0ac856038f944ab98b7be6b27b2a3c7feef19"
            ],
            "markers": "python_version >= '3.7'",
            "version": "==2.5.2"
        },
        "tomli": {
            "hashes": [
                "sha256:939de3e7a6161af0c887ef91b7d41a53e7c5a1ca976325f429cb46ea9bc30ecc",
                "sha256:de526c12914f0c550d15924c62d72abc48d6fe7364aa87328337a31007fe8a4f"
            ],
            "markers": "python_version < '3.11'",
            "version": "==2.0.1"
        },
        "types-pillow": {
            "hashes": [
                "sha256:9781104ee2176f680576523fa2a2b83b134957aec6f4d62582cc9e74c93a60b4",
                "sha256:d63743ef631e47f8d8669590ea976162321a9a7604588b424b6306533453fb63"
            ],
            "index": "pypi",
            "version": "==9.2.1"
        },
        "typing-extensions": {
            "hashes": [
                "sha256:25642c956049920a5aa49edcdd6ab1e06d7e5d467fc00e0506c44ac86fbfca02",
                "sha256:e6d2677a32f47fc7eb2795db1dd15c1f34eff616bcaf2cfb5e997f854fa1c4a6"
            ],
            "markers": "python_full_version >= '3.7.0'",
            "version": "==4.3.0"
        }
    }
}
