{
    "_meta": {
        "hash": {
            "sha256": "31871f94c09383b5ef586ca9e0d53d9fd3bef6973c2a0d90cee17b5b66c1b086"
        },
        "pipfile-spec": 6,
        "requires": {
            "python_version": "3.9"
        },
        "sources": [
            {
                "name": "pypi",
                "url": "https://pypi.org/simple",
                "verify_ssl": true
            }
        ]
    },
    "default": {
        "certifi": {
            "hashes": [
                "sha256:84c85a9078b11105f04f3036a9482ae10e4621616db313fe045dd24743a0820d",
                "sha256:fe86415d55e84719d75f8b69414f6438ac3547d2078ab91b67e779ef69378412"
            ],
            "markers": "python_version >= '3.6'",
            "version": "==2022.6.15"
        },
        "charset-normalizer": {
            "hashes": [
                "sha256:2857e29ff0d34db842cd7ca3230549d1a697f96ee6d3fb071cfa6c7393832597",
                "sha256:6881edbebdb17b39b4eaaa821b438bf6eddffb4468cf344f09f89def34a8b1df"
            ],
            "markers": "python_full_version >= '3.5.0'",
            "version": "==2.0.12"
        },
        "idna": {
            "hashes": [
                "sha256:84d9dd047ffa80596e0f246e2eab0b391788b0503584e8945f2368256d2735ff",
                "sha256:9d643ff0a55b762d5cdb124b8eaa99c66322e2157b69160bc32796e824360e6d"
            ],
            "markers": "python_full_version >= '3.5.0'",
            "version": "==3.3"
        },
        "numpy": {
            "hashes": [
                "sha256:0791fbd1e43bf74b3502133207e378901272f3c156c4df4954cad833b1380207",
                "sha256:1ce7ab2053e36c0a71e7a13a7475bd3b1f54750b4b433adc96313e127b870887",
                "sha256:2d487e06ecbf1dc2f18e7efce82ded4f705f4bd0cd02677ffccfb39e5c284c7e",
                "sha256:37431a77ceb9307c28382c9773da9f306435135fae6b80b62a11c53cfedd8802",
                "sha256:3e1ffa4748168e1cc8d3cde93f006fe92b5421396221a02f2274aab6ac83b077",
                "sha256:425b390e4619f58d8526b3dcf656dde069133ae5c240229821f01b5f44ea07af",
                "sha256:43a8ca7391b626b4c4fe20aefe79fec683279e31e7c79716863b4b25021e0e74",
                "sha256:4c6036521f11a731ce0648f10c18ae66d7143865f19f7299943c985cdc95afb5",
                "sha256:59d55e634968b8f77d3fd674a3cf0b96e85147cd6556ec64ade018f27e9479e1",
                "sha256:64f56fc53a2d18b1924abd15745e30d82a5782b2cab3429aceecc6875bd5add0",
                "sha256:7228ad13744f63575b3a972d7ee4fd61815b2879998e70930d4ccf9ec721dce0",
                "sha256:9ce7df0abeabe7fbd8ccbf343dc0db72f68549856b863ae3dd580255d009648e",
                "sha256:a911e317e8c826ea632205e63ed8507e0dc877dcdc49744584dfc363df9ca08c",
                "sha256:b89bf9b94b3d624e7bb480344e91f68c1c6c75f026ed6755955117de00917a7c",
                "sha256:ba9ead61dfb5d971d77b6c131a9dbee62294a932bf6a356e48c75ae684e635b3",
                "sha256:c1d937820db6e43bec43e8d016b9b3165dcb42892ea9f106c70fb13d430ffe72",
                "sha256:cc7f00008eb7d3f2489fca6f334ec19ca63e31371be28fd5dad955b16ec285bd",
                "sha256:d4c5d5eb2ec8da0b4f50c9a843393971f31f1d60be87e0fb0917a49133d257d6",
                "sha256:e96d7f3096a36c8754207ab89d4b3282ba7b49ea140e4973591852c77d09eb76",
                "sha256:f0725df166cf4785c0bc4cbfb320203182b1ecd30fee6e541c8752a92df6aa32",
                "sha256:f3eb268dbd5cfaffd9448113539e44e2dd1c5ca9ce25576f7c04a5453edc26fa",
                "sha256:fb7a980c81dd932381f8228a426df8aeb70d59bbcda2af075b627bbc50207cba"
            ],
            "index": "pypi",
            "version": "==1.22.4"
        },
        "pillow": {
            "hashes": [
                "sha256:088df396b047477dd1bbc7de6e22f58400dae2f21310d9e2ec2933b2ef7dfa4f",
                "sha256:09e67ef6e430f90caa093528bd758b0616f8165e57ed8d8ce014ae32df6a831d",
                "sha256:0b4d5ad2cd3a1f0d1df882d926b37dbb2ab6c823ae21d041b46910c8f8cd844b",
                "sha256:0b525a356680022b0af53385944026d3486fc8c013638cf9900eb87c866afb4c",
                "sha256:1d4331aeb12f6b3791911a6da82de72257a99ad99726ed6b63f481c0184b6fb9",
                "sha256:20d514c989fa28e73a5adbddd7a171afa5824710d0ab06d4e1234195d2a2e546",
                "sha256:2b291cab8a888658d72b575a03e340509b6b050b62db1f5539dd5cd18fd50578",
                "sha256:3f6c1716c473ebd1649663bf3b42702d0d53e27af8b64642be0dd3598c761fb1",
                "sha256:42dfefbef90eb67c10c45a73a9bc1599d4dac920f7dfcbf4ec6b80cb620757fe",
                "sha256:488f3383cf5159907d48d32957ac6f9ea85ccdcc296c14eca1a4e396ecc32098",
                "sha256:4d45dbe4b21a9679c3e8b3f7f4f42a45a7d3ddff8a4a16109dff0e1da30a35b2",
                "sha256:53c27bd452e0f1bc4bfed07ceb235663a1df7c74df08e37fd6b03eb89454946a",
                "sha256:55e74faf8359ddda43fee01bffbc5bd99d96ea508d8a08c527099e84eb708f45",
                "sha256:59789a7d06c742e9d13b883d5e3569188c16acb02eeed2510fd3bfdbc1bd1530",
                "sha256:5b650dbbc0969a4e226d98a0b440c2f07a850896aed9266b6fedc0f7e7834108",
                "sha256:66daa16952d5bf0c9d5389c5e9df562922a59bd16d77e2a276e575d32e38afd1",
                "sha256:6e760cf01259a1c0a50f3c845f9cad1af30577fd8b670339b1659c6d0e7a41dd",
                "sha256:7502539939b53d7565f3d11d87c78e7ec900d3c72945d4ee0e2f250d598309a0",
                "sha256:769a7f131a2f43752455cc72f9f7a093c3ff3856bf976c5fb53a59d0ccc704f6",
                "sha256:7c150dbbb4a94ea4825d1e5f2c5501af7141ea95825fadd7829f9b11c97aaf6c",
                "sha256:8844217cdf66eabe39567118f229e275f0727e9195635a15e0e4b9227458daaf",
                "sha256:8a66fe50386162df2da701b3722781cbe90ce043e7d53c1fd6bd801bca6b48d4",
                "sha256:9370d6744d379f2de5d7fa95cdbd3a4d92f0b0ef29609b4b1687f16bc197063d",
                "sha256:937a54e5694684f74dcbf6e24cc453bfc5b33940216ddd8f4cd8f0f79167f765",
                "sha256:9c857532c719fb30fafabd2371ce9b7031812ff3889d75273827633bca0c4602",
                "sha256:a4165205a13b16a29e1ac57efeee6be2dfd5b5408122d59ef2145bc3239fa340",
                "sha256:b3fe2ff1e1715d4475d7e2c3e8dabd7c025f4410f79513b4ff2de3d51ce0fa9c",
                "sha256:b6617221ff08fbd3b7a811950b5c3f9367f6e941b86259843eab77c8e3d2b56b",
                "sha256:b761727ed7d593e49671d1827044b942dd2f4caae6e51bab144d4accf8244a84",
                "sha256:baf3be0b9446a4083cc0c5bb9f9c964034be5374b5bc09757be89f5d2fa247b8",
                "sha256:c17770a62a71718a74b7548098a74cd6880be16bcfff5f937f900ead90ca8e92",
                "sha256:c67db410508b9de9c4694c57ed754b65a460e4812126e87f5052ecf23a011a54",
                "sha256:d78ca526a559fb84faaaf84da2dd4addef5edb109db8b81677c0bb1aad342601",
                "sha256:e9ed59d1b6ee837f4515b9584f3d26cf0388b742a11ecdae0d9237a94505d03a",
                "sha256:f054b020c4d7e9786ae0404278ea318768eb123403b18453e28e47cdb7a0a4bf",
                "sha256:f372d0f08eff1475ef426344efe42493f71f377ec52237bf153c5713de987251",
                "sha256:f3f6a6034140e9e17e9abc175fc7a266a6e63652028e157750bd98e804a8ed9a",
                "sha256:ffde4c6fabb52891d81606411cbfaf77756e3b561b566efd270b3ed3791fde4e"
            ],
            "index": "pypi",
            "version": "==9.1.1"
        },
        "requests": {
            "hashes": [
                "sha256:bc7861137fbce630f17b03d3ad02ad0bf978c844f3536d0edda6499dafce2b6f",
                "sha256:d568723a7ebd25875d8d1eaf5dfa068cd2fc8194b2e483d7b1f7c81918dbec6b"
            ],
            "markers": "python_version >= '3.7' and python_version < '4'",
            "version": "==2.28.0"
        },
        "torch": {
            "hashes": [
                "sha256:0ccc85cd06227a3edf809e2c795fd5762c3d4e8a38b5c9f744c6e7cf841361bb",
                "sha256:0e48af66ad755f0f9c5f2664028a414f57c49d6adc37e77e06fe0004da4edb61",
                "sha256:34ce5ea4d8d85da32cdbadb50d4585106901e9f8a3527991daa70c13a09de1f7",
                "sha256:4322aa29f50da7f404db06cdf30896ea67b09f673af4a985afc7162bc897864d",
                "sha256:44a1d02fd20f827f0f36dc26fdcfc45e793806a6ad52769a22260655a77a4369",
                "sha256:50fd9bf85c578c871c28f1cb0ace9dfc6024401c7f399b174fb0f370899f4454",
                "sha256:58c7814502b1c129a650d7092033bbb0bbd64faf1a7941631aaa1aeaddc37570",
                "sha256:5d77b5ece78fdafa5c7f42995ff9474399d22571cd6b2de21a5d666306a2ff8c",
                "sha256:62052b50fffc29ca7afc0c04ef8206b6f1ca9d10629cb543077e12967e8d0398",
                "sha256:6860b1d1bf0bb0b67a6bd47f85a0e4c825b518eea13b5d6101999dbbcbd5bc0c",
                "sha256:831cf588f01dda9409e75576741d2823453990dee2983d670f2584b37a01adf7",
                "sha256:866bfba29ac98dec35d893d8e17eaec149d0ac7a53be7baae5c98069897db667",
                "sha256:8ee7c2e8d7f7020d5bfbc1bb91b9591044c26bbd0cee5e4f694cfd7ed8649260",
                "sha256:951640fb8db308a59d9b510e7d1ad910aff92913323bbe4bc75435347ddd346d",
                "sha256:b5a38682769b544c875ecc34bcb81fbad5c922139b61319aacffcfd8a32f528c",
                "sha256:b96654d42566080a134e784705f33f8536b3b95b5dcde357ed7879b1692a5f78",
                "sha256:c1554e49d74f1b2c3e7202d77056ba2dd7465437585bac64062b580f714a44e9",
                "sha256:e4d2e0ddd652f30e94cff750220324ec45705d4ecc69658f773b3cb1c7a28dd0",
                "sha256:f82d77695a60626f2b7382d85bc566de8a6b3e50d32080755abc040db802e419"
            ],
            "index": "pypi",
            "version": "==1.11.0"
        },
        "torchvision": {
            "hashes": [
                "sha256:0744902f2265d4c3e83c44a06b567df312e4a9faf8c92620016c7bed7056b5a7",
                "sha256:24d03fcaa28004c64a24124ac4a894c50f5948c8eb290e398d6c76fff2bc678f",
                "sha256:36dfdf6451fe3072ab15118982853b848896c0fd3b26cb8135e1e7981dbb0916",
                "sha256:49ed7886b93b80c9733462edd06a07f8d4c6ea4d5bd2894e7268f7a3774f4f7d",
                "sha256:693656e6790b6ab21e4a6e87e81c2982bad9e455b5eb24e14bb672382ec6130f",
                "sha256:69d82f47b67bad6ddcbb87833ba5950a6c271ba97baae4c0955610071bf034f5",
                "sha256:894dacdc64b6e35e3f330722db51c76f4de016c7bf7bd79cf02ed2f4c106e625",
                "sha256:9017248c7e526c8cdcaaab8cf41d904a520a409d707398189a06d0757901d235",
                "sha256:926666f0b893dce6619759c19b0dd3884af7a9d7022b10395653659d28e43c48",
                "sha256:9771231639afb5973cdaea1d449b451e2982e1ef5410ca67bbdc2b465565573a",
                "sha256:9f42420f7f0b29cd3d61776df3157827257a0cf16b2c02776dc16c96abb1256d",
                "sha256:a0be4501ca0ba1b195644c9243f49a1c49a26e52a7f37924c4239d0bf5ecbd8d",
                "sha256:a91db01496932350bf9c0ee8607ac8ef31c3ebfdaedefe5c5cda0515317f8b8e",
                "sha256:aac76d52c5ce4229cb0eaebb762f3391fa736565eb35a4184fa0f7be30b705cd",
                "sha256:b93a767f44e3933cb3b01a6fe9727db54590f57b7dac09d5aaf15966c6c151dd",
                "sha256:c225f55c1bfce027a03f4ca46ddb9559c83f8087c2880bed3261a76c49bb7996",
                "sha256:d1ccb53836ba886320dcda12d00ee8b5f8f38b6c36d7906f141d25778cf74104",
                "sha256:ebfb47adf65bf3926b990b2c4767e291f135e259e03232e0e1a30ecdb05eb087",
                "sha256:edab05f7ba9f648c00435b384ffdbd7bde79a3b8ea893813fb50f6ccf28b1e76"
            ],
            "index": "pypi",
            "version": "==0.12.0"
        },
        "typing-extensions": {
            "hashes": [
                "sha256:6657594ee297170d19f67d55c05852a874e7eb634f4f753dbd667855e07c1708",
                "sha256:f1c24655a0da0d1b67f07e17a5e6b2a105894e6824b92096378bb3668ef02376"
            ],
            "markers": "python_version >= '3.7'",
            "version": "==4.2.0"
        },
        "urllib3": {
            "hashes": [
                "sha256:44ece4d53fb1706f667c9bd1c648f5469a2ec925fcf3a776667042d645472c14",
                "sha256:aabaf16477806a5e1dd19aa41f8c2b7950dd3c746362d7e3223dbe6de6ac448e"
            ],
            "markers": "python_version >= '2.7' and python_version not in '3.0, 3.1, 3.2, 3.3, 3.4' and python_version < '4'",
            "version": "==1.26.9"
        }
    },
    "develop": {}
}
